
Microsoft Visual Studio Solution File, Format Version 12.00
# Visual Studio Version 16
VisualStudioVersion = 16.0.30330.147
MinimumVisualStudioVersion = 10.0.40219.1
Project("{FAE04EC0-301F-11D3-BF4B-00C04F79EFBC}") = "pr_01_03_02(TimerEvents)", "pr_01_03_02(TimerEvents).csproj", "{F18295DA-4C0B-4CC0-89CD-0EC3F7268A79}"
EndProject
Global
	GlobalSection(SolutionConfigurationPlatforms) = preSolution
		Debug|Any CPU = Debug|Any CPU
		Release|Any CPU = Release|Any CPU
	EndGlobalSection
	GlobalSection(ProjectConfigurationPlatforms) = postSolution
		{F18295DA-4C0B-4CC0-89CD-0EC3F7268A79}.Debug|Any CPU.ActiveCfg = Debug|Any CPU
		{F18295DA-4C0B-4CC0-89CD-0EC3F7268A79}.Debug|Any CPU.Build.0 = Debug|Any CPU
		{F18295DA-4C0B-4CC0-89CD-0EC3F7268A79}.Release|Any CPU.ActiveCfg = Release|Any CPU
		{F18295DA-4C0B-4CC0-89CD-0EC3F7268A79}.Release|Any CPU.Build.0 = Release|Any CPU
	EndGlobalSection
	GlobalSection(SolutionProperties) = preSolution
		HideSolutionNode = FALSE
	EndGlobalSection
	GlobalSection(ExtensibilityGlobals) = postSolution
		SolutionGuid = {5D3EEF51-0F36-4DD4-B421-03195782090C}
	EndGlobalSection
EndGlobal
