
Microsoft Visual Studio Solution File, Format Version 12.00
# Visual Studio Version 16
VisualStudioVersion = 16.0.30330.147
MinimumVisualStudioVersion = 10.0.40219.1
Project("{FAE04EC0-301F-11D3-BF4B-00C04F79EFBC}") = "pr_01_02", "pr_01_02.csproj", "{B123FA13-0D83-452C-B1FB-DD067238254D}"
EndProject
Global
	GlobalSection(SolutionConfigurationPlatforms) = preSolution
		Debug|Any CPU = Debug|Any CPU
		Release|Any CPU = Release|Any CPU
	EndGlobalSection
	GlobalSection(ProjectConfigurationPlatforms) = postSolution
		{B123FA13-0D83-452C-B1FB-DD067238254D}.Debug|Any CPU.ActiveCfg = Debug|Any CPU
		{B123FA13-0D83-452C-B1FB-DD067238254D}.Debug|Any CPU.Build.0 = Debug|Any CPU
		{B123FA13-0D83-452C-B1FB-DD067238254D}.Release|Any CPU.ActiveCfg = Release|Any CPU
		{B123FA13-0D83-452C-B1FB-DD067238254D}.Release|Any CPU.Build.0 = Release|Any CPU
	EndGlobalSection
	GlobalSection(SolutionProperties) = preSolution
		HideSolutionNode = FALSE
	EndGlobalSection
	GlobalSection(ExtensibilityGlobals) = postSolution
		SolutionGuid = {404D15F0-5B2E-4472-A473-C6BC0E4F09BE}
	EndGlobalSection
EndGlobal
